PODS:
  - Alamofire (5.4.1)
  - Moya/Core (14.0.0):
    - Alamofire (~> 5.0)
  - Moya/RxSwift (14.0.0):
    - Moya/Core
    - RxSwift (~> 5.0)
  - MQTTClient (0.15.3):
    - MQTTClient/Core (= 0.15.3)
  - MQTTClient/Core (0.15.3):
    - MQTTClient/Manager
    - MQTTClient/Min
  - MQTTClient/Manager (0.15.3):
    - MQTTClient/Min
  - MQTTClient/Min (0.15.3)
  - qh-net-ios (0.1.0):
    - Moya/RxSwift (= 14.0.0)
    - MQTTClient (= 0.15.3)
    - SwiftyJSON (= 4.3.0)
  - RxSwift (5.1.1)
  - SwiftyJSON (4.3.0)

DEPENDENCIES:
  - qh-net-ios (from `../`)

SPEC REPOS:
  trunk:
    - Alamofire
    - Moya
    - MQTTClient
    - RxSwift
    - SwiftyJSON

EXTERNAL SOURCES:
  qh-net-ios:
    :path: "../"

SPEC CHECKSUMS:
  Alamofire: 2291f7d21ca607c491dd17642e5d40fdcda0e65c
  Moya: 5b45dacb75adb009f97fde91c204c1e565d31916
  MQTTClient: 0dfa04e789479c2e461786464969895c1fcb0875
  qh-net-ios: dbec377a77cd5f9a575fe95ffaa4a121cfc39439
  RxSwift: 81470a2074fa8780320ea5fe4102807cb7118178
  SwiftyJSON: 6faa0040f8b59dead0ee07436cbf76b73c08fd08

PODFILE CHECKSUM: 2fe396ebe1a13278826401b84d8f414bd91b87a3

COCOAPODS: 1.9.3
